# This file is automatically @generated by Cargo.
# It is not intended for manual editing.
version = 4

[[package]]
name = "argh"
version = "0.1.19"
source = "registry+https://github.com/rust-lang/crates.io-index"
checksum = "211818e820cda9ca6f167a64a5c808837366a6dfd807157c64c1304c486cd033"
dependencies = [
 "argh_derive",
 "argh_shared",
]

[[package]]
name = "argh_derive"
version = "0.1.19"
source = "registry+https://github.com/rust-lang/crates.io-index"
checksum = "c442a9d18cef5dde467405d27d461d080d68972d6d0dfd0408265b6749ec427d"
dependencies = [
 "argh_shared",
 "proc-macro2",
 "quote",
 "syn",
]

[[package]]
name = "argh_shared"
version = "0.1.19"
source = "registry+https://github.com/rust-lang/crates.io-index"
checksum = "e5ade012bac4db278517a0132c8c10c6427025868dca16c801087c28d5a411f1"

[[package]]
name = "block-buffer"
version = "0.12.0"
source = "registry+https://github.com/rust-lang/crates.io-index"
checksum = "cdd35008169921d80bc60d3d0ab416eecb028c4cd653352907921d95084790be"
dependencies = [
 "hybrid-array",
]

[[package]]
name = "cfg-if"
version = "1.0.4"
source = "registry+https://github.com/rust-lang/crates.io-index"
checksum = "9330f8b2ff13f34540b44e946ef35111825727b38d33286ef986142615121801"

[[package]]
name = "cpufeatures"
version = "0.3.0"
source = "registry+https://github.com/rust-lang/crates.io-index"
checksum = "8b2a41393f66f16b0823bb79094d54ac5fbd34ab292ddafb9a0456ac9f87d201"
dependencies = [
 "libc",
]

[[package]]
name = "crypto-common"
version = "0.2.2"
source = "registry+https://github.com/rust-lang/crates.io-index"
checksum = "ce6e4c961d6cd6c9a86db418387425e8bdeaf05b3c8bc1411e6dca4c252f1453"
dependencies = [
 "hybrid-array",
]

[[package]]
name = "digest"
version = "0.11.3"
source = "registry+https://github.com/rust-lang/crates.io-index"
checksum = "f1dd6dbb5841937940781866fa1281a1ff7bd3bf827091440879f9994983d5c2"
dependencies = [
 "block-buffer",
 "crypto-common",
]

[[package]]
name = "fasthash"
version = "0.1.0"
dependencies = [
 "argh",
 "digest",
 "hex-simd",
 "parse-size",
 "sha2",
 "sha3",
]

[[package]]
name = "hex-simd"
version = "0.8.0"
source = "registry+https://github.com/rust-lang/crates.io-index"
checksum = "1f7685beb53fc20efc2605f32f5d51e9ba18b8ef237961d1760169d2290d3bee"
dependencies = [
 "outref",
 "vsimd",
]

[[package]]
name = "hybrid-array"
version = "0.4.12"
source = "registry+https://github.com/rust-lang/crates.io-index"
checksum = "9155a582abd142abc056962c29e3ce5ff2ad5469f4246b537ed42c5deba857da"
dependencies = [
 "typenum",
]

[[package]]
name = "keccak"
version = "0.2.0"
source = "registry+https://github.com/rust-lang/crates.io-index"
checksum = "9e24a010dd405bd7ed803e5253182815b41bf2e6a80cc3bfc066658e03a198aa"
dependencies = [
 "cfg-if",
 "cpufeatures",
]

[[package]]
name = "libc"
version = "0.2.186"
source = "registry+https://github.com/rust-lang/crates.io-index"
checksum = "68ab91017fe16c622486840e4c83c9a37afeff978bd239b5293d61ece587de66"

[[package]]
name = "outref"
version = "0.5.2"
source = "registry+https://github.com/rust-lang/crates.io-index"
checksum = "1a80800c0488c3a21695ea981a54918fbb37abf04f4d0720c453632255e2ff0e"

[[package]]
name = "parse-size"
version = "1.1.0"
source = "registry+https://github.com/rust-lang/crates.io-index"
checksum = "487f2ccd1e17ce8c1bfab3a65c89525af41cfad4c8659021a1e9a2aacd73b89b"

[[package]]
name = "proc-macro2"
version = "1.0.106"
source = "registry+https://github.com/rust-lang/crates.io-index"
checksum = "8fd00f0bb2e90d81d1044c2b32617f68fcb9fa3bb7640c23e9c748e53fb30934"
dependencies = [
 "unicode-ident",
]

[[package]]
name = "quote"
version = "1.0.45"
source = "registry+https://github.com/rust-lang/crates.io-index"
checksum = "41f2619966050689382d2b44f664f4bc593e129785a36d6ee376ddf37259b924"
dependencies = [
 "proc-macro2",
]

[[package]]
name = "sha2"
version = "0.11.0"
source = "registry+https://github.com/rust-lang/crates.io-index"
checksum = "446ba717509524cb3f22f17ecc096f10f4822d76ab5c0b9822c5f9c284e825f4"
dependencies = [
 "cfg-if",
 "cpufeatures",
 "digest",
]

[[package]]
name = "sha3"
version = "0.12.0"
source = "registry+https://github.com/rust-lang/crates.io-index"
checksum = "bc9bad02c26382724b2d2692c6f179285e4b54eeecd7968f52a50059c3c11759"
dependencies = [
 "digest",
 "keccak",
 "sponge-cursor",
]

[[package]]
name = "sponge-cursor"
version = "0.1.0"
source = "registry+https://github.com/rust-lang/crates.io-index"
checksum = "3a0219bd7d979d58245a4f41f695e1ac9f8befdffadd7f61f1bae9e39abc6620"

[[package]]
name = "syn"
version = "2.0.117"
source = "registry+https://github.com/rust-lang/crates.io-index"
checksum = "e665b8803e7b1d2a727f4023456bbbbe74da67099c585258af0ad9c5013b9b99"
dependencies = [
 "proc-macro2",
 "quote",
 "unicode-ident",
]

[[package]]
name = "typenum"
version = "1.20.1"
source = "registry+https://github.com/rust-lang/crates.io-index"
checksum = "b6f5e870be6c3b371b77fe0ee0bafb859fa4964b4404c27de1d380043c4dda20"

[[package]]
name = "unicode-ident"
version = "1.0.24"
source = "registry+https://github.com/rust-lang/crates.io-index"
checksum = "e6e4313cd5fcd3dad5cafa179702e2b244f760991f45397d14d4ebf38247da75"

[[package]]
name = "vsimd"
version = "0.8.0"
source = "registry+https://github.com/rust-lang/crates.io-index"
checksum = "5c3082ca00d5a5ef149bb8b555a72ae84c9c59f7250f013ac822ac2e49b19c64"
